
Microsoft Visual Studio Solution File, Format Version 12.00
# Visual Studio Version 17
VisualStudioVersion = 17.2.32630.192
MinimumVisualStudioVersion = 10.0.40219.1
Project("{FAE04EC0-301F-11D3-BF4B-00C04F79EFBC}") = "FirstApi", "FirstApi\FirstApi.csproj", "{499445C7-012D-4014-B7E7-38C6C0FD34C3}"
EndProject
Global
	GlobalSection(SolutionConfigurationPlatforms) = preSolution
		Debug|Any CPU = Debug|Any CPU
		Release|Any CPU = Release|Any CPU
	EndGlobalSection
	GlobalSection(ProjectConfigurationPlatforms) = postSolution
		{499445C7-012D-4014-B7E7-38C6C0FD34C3}.Debug|Any CPU.ActiveCfg = Debug|Any CPU
		{499445C7-012D-4014-B7E7-38C6C0FD34C3}.Debug|Any CPU.Build.0 = Debug|Any CPU
		{499445C7-012D-4014-B7E7-38C6C0FD34C3}.Release|Any CPU.ActiveCfg = Release|Any CPU
		{499445C7-012D-4014-B7E7-38C6C0FD34C3}.Release|Any CPU.Build.0 = Release|Any CPU
	EndGlobalSection
	GlobalSection(SolutionProperties) = preSolution
		HideSolutionNode = FALSE
	EndGlobalSection
	GlobalSection(ExtensibilityGlobals) = postSolution
		SolutionGuid = {C0C93134-D337-4CC0-A6D4-5BCA435E69C4}
	EndGlobalSection
EndGlobal
